{
  "name": "ens-lambda",
  "version": "1.0.0",
  "lockfileVersion": 1,
  "requires": true,
  "dependencies": {
    "@ethersproject/abi": {
      "version": "5.0.0-beta.149",
      "resolved": "https://registry.npmjs.org/@ethersproject/abi/-/abi-5.0.0-beta.149.tgz",
      "integrity": "sha512-7Zupwu7sHFebkOEonXeWd0nSO16/71YChRYaWUmgq5TcNpCGeFQLia8Esr6QZV6+5JZgNtzenEvsEevlZPvU8g==",
      "requires": {
        "@ethersproject/address": ">=5.0.0-beta.128",
        "@ethersproject/bignumber": ">=5.0.0-beta.130",
        "@ethersproject/bytes": ">=5.0.0-beta.129",
        "@ethersproject/constants": ">=5.0.0-beta.128",
        "@ethersproject/hash": ">=5.0.0-beta.128",
        "@ethersproject/keccak256": ">=5.0.0-beta.127",
        "@ethersproject/logger": ">=5.0.0-beta.129",
        "@ethersproject/properties": ">=5.0.0-beta.131",
        "@ethersproject/strings": ">=5.0.0-beta.130"
      }
    },
    "@ethersproject/abstract-provider": {
      "version": "5.0.0-beta.139",
      "resolved": "https://registry.npmjs.org/@ethersproject/abstract-provider/-/abstract-provider-5.0.0-beta.139.tgz",
      "integrity": "sha512-cK/7qj0bIG3Dd7xD9q+6ztXr+WXw/i2MglFLC3GadhjFr5YhdcD1rPkD5nU7H0o2BoL/jkvLJL6FYOZyCDS0Nw==",
      "requires": {
        "@ethersproject/bignumber": ">=5.0.0-beta.130",
        "@ethersproject/bytes": ">=5.0.0-beta.129",
        "@ethersproject/logger": ">=5.0.0-beta.129",
        "@ethersproject/networks": ">=5.0.0-beta.129",
        "@ethersproject/properties": ">=5.0.0-beta.131",
        "@ethersproject/transactions": ">=5.0.0-beta.128",
        "@ethersproject/web": ">=5.0.0-beta.129"
      }
    },
    "@ethersproject/abstract-signer": {
      "version": "5.0.0-beta.141",
      "resolved": "https://registry.npmjs.org/@ethersproject/abstract-signer/-/abstract-signer-5.0.0-beta.141.tgz",
      "integrity": "sha512-94ldEV+H2BI00lBEWKf0HlX7IrbMcPPFYbSnj2f1/cqB2y8RNttEe0gR39ALrCUeqY+ceLnKxIz2tOY9sllMFw==",
      "requires": {
        "@ethersproject/abstract-provider": ">=5.0.0-beta.131",
        "@ethersproject/bignumber": ">=5.0.0-beta.130",
        "@ethersproject/bytes": ">=5.0.0-beta.129",
        "@ethersproject/logger": ">=5.0.0-beta.129",
        "@ethersproject/properties": ">=5.0.0-beta.131"
      }
    },
    "@ethersproject/address": {
      "version": "5.0.0-beta.134",
      "resolved": "https://registry.npmjs.org/@ethersproject/address/-/address-5.0.0-beta.134.tgz",
      "integrity": "sha512-FHhUVJTUIg2pXvOOhIt8sB1cQbcwrzZKzf9CPV7JM1auli20nGoYhyMFYGK7u++GXzTMJduIkU1OwlIBupewDw==",
      "requires": {
        "@ethersproject/bignumber": ">=5.0.0-beta.130",
        "@ethersproject/bytes": ">=5.0.0-beta.129",
        "@ethersproject/keccak256": ">=5.0.0-beta.127",
        "@ethersproject/logger": ">=5.0.0-beta.129",
        "@ethersproject/rlp": ">=5.0.0-beta.126",
        "bn.js": "^4.4.0"
      }
    },
    "@ethersproject/base64": {
      "version": "5.0.0-beta.132",
      "resolved": "https://registry.npmjs.org/@ethersproject/base64/-/base64-5.0.0-beta.132.tgz",
      "integrity": "sha512-zLpyJ6BzxTipQUERRy3cj2RbPvUKJ8wqTDvPmtELXdJcMttULBBkAHBWLqY+19K9K8VL08bE72sfr6QeLz9h5g==",
      "requires": {
        "@ethersproject/bytes": ">=5.0.0-beta.129"
      }
    },
    "@ethersproject/basex": {
      "version": "5.0.0-beta.132",
      "resolved": "https://registry.npmjs.org/@ethersproject/basex/-/basex-5.0.0-beta.132.tgz",
      "integrity": "sha512-BlTGjIW5O03Tl3cVrBWPYnSnhEdz7h3sAely82xDZPutUw9PyPy/PF7IN19iVNgv5ZKQlaDmQZ6M2OGzVOuIPw==",
      "requires": {
        "@ethersproject/bytes": ">=5.0.0-beta.129",
        "@ethersproject/properties": ">=5.0.0-beta.131"
      }
    },
    "@ethersproject/bignumber": {
      "version": "5.0.0-beta.136",
      "resolved": "https://registry.npmjs.org/@ethersproject/bignumber/-/bignumber-5.0.0-beta.136.tgz",
      "integrity": "sha512-G5fYkkMUpmQd7Qcxa7YdwavBkiSb44wI7GsZls/7eGFMYl2ySgmwOBMw3kj1lhheXbF73jfBfOBHvKYrN/p7pQ==",
      "requires": {
        "@ethersproject/bytes": ">=5.0.0-beta.129",
        "@ethersproject/logger": ">=5.0.0-beta.129",
        "@ethersproject/properties": ">=5.0.0-beta.131",
        "bn.js": "^4.4.0"
      }
    },
    "@ethersproject/bytes": {
      "version": "5.0.0-beta.137",
      "resolved": "https://registry.npmjs.org/@ethersproject/bytes/-/bytes-5.0.0-beta.137.tgz",
      "integrity": "sha512-uBwchZzGP912Wcani6vM7RLtsnN69Uc9WTLvewsniKrpHpSx0/k33WUcQVosmkwPgUtqflKyGjcIqaea1Z9WHw==",
      "requires": {
        "@ethersproject/logger": ">=5.0.0-beta.129"
      }
    },
    "@ethersproject/constants": {
      "version": "5.0.0-beta.133",
      "resolved": "https://registry.npmjs.org/@ethersproject/constants/-/constants-5.0.0-beta.133.tgz",
      "integrity": "sha512-VCTpk3AF00mlWQw1vg+fI6qCo0qO5EVWK574t4HNBKW6X748jc9UJPryKUz9JgZ64ZQupyLM92wHilsG/YTpNQ==",
      "requires": {
        "@ethersproject/bignumber": ">=5.0.0-beta.130"
      }
    },
    "@ethersproject/contracts": {
      "version": "5.0.0-beta.146",
      "resolved": "https://registry.npmjs.org/@ethersproject/contracts/-/contracts-5.0.0-beta.146.tgz",
      "integrity": "sha512-YvyB29V9zzBJOk2+vWjdD6qldRVF9KLhs5FjoiAJV7Ix00LR2CE+0rH9AW5I+PoQxodwxLPOuAHFDh5ReaPkwA==",
      "requires": {
        "@ethersproject/abi": ">=5.0.0-beta.137",
        "@ethersproject/abstract-provider": ">=5.0.0-beta.131",
        "@ethersproject/abstract-signer": ">=5.0.0-beta.132",
        "@ethersproject/address": ">=5.0.0-beta.128",
        "@ethersproject/bignumber": ">=5.0.0-beta.130",
        "@ethersproject/bytes": ">=5.0.0-beta.129",
        "@ethersproject/constants": ">=5.0.0-beta.128",
        "@ethersproject/logger": ">=5.0.0-beta.129",
        "@ethersproject/properties": ">=5.0.0-beta.131",
        "@ethersproject/transactions": ">=5.0.0-beta.128"
      }
    },
    "@ethersproject/hash": {
      "version": "5.0.0-beta.133",
      "resolved": "https://registry.npmjs.org/@ethersproject/hash/-/hash-5.0.0-beta.133.tgz",
      "integrity": "sha512-tfF11QxFlJCy92rMtUZ0kImchWhlYXkN5Gj5cYfTcCdWEUKwNq1LljDnlrjV2JabO6s5enb8uiUj4RBTo2+Rgw==",
      "requires": {
        "@ethersproject/bytes": ">=5.0.0-beta.129",
        "@ethersproject/keccak256": ">=5.0.0-beta.127",
        "@ethersproject/logger": ">=5.0.0-beta.129",
        "@ethersproject/strings": ">=5.0.0-beta.130"
      }
    },
    "@ethersproject/hdnode": {
      "version": "5.0.0-beta.138",
      "resolved": "https://registry.npmjs.org/@ethersproject/hdnode/-/hdnode-5.0.0-beta.138.tgz",
      "integrity": "sha512-Wzpl1QmCdslGyWkxFgLTGhbGz8ABSGucoRQb+HmB0cZ0RwP87jd0NMTIGu4oYopkTzU06m+Fyyg80buSupIqgA==",
      "requires": {
        "@ethersproject/abstract-signer": ">=5.0.0-beta.132",
        "@ethersproject/basex": ">=5.0.0-beta.127",
        "@ethersproject/bignumber": ">=5.0.0-beta.130",
        "@ethersproject/bytes": ">=5.0.0-beta.129",
        "@ethersproject/logger": ">=5.0.0-beta.129",
        "@ethersproject/pbkdf2": ">=5.0.0-beta.127",
        "@ethersproject/properties": ">=5.0.0-beta.131",
        "@ethersproject/sha2": ">=5.0.0-beta.129",
        "@ethersproject/signing-key": ">=5.0.0-beta.129",
        "@ethersproject/strings": ">=5.0.0-beta.130",
        "@ethersproject/transactions": ">=5.0.0-beta.128",
        "@ethersproject/wordlists": ">=5.0.0-beta.128"
      }
    },
    "@ethersproject/json-wallets": {
      "version": "5.0.0-beta.137",
      "resolved": "https://registry.npmjs.org/@ethersproject/json-wallets/-/json-wallets-5.0.0-beta.137.tgz",
      "integrity": "sha512-fPCCQNBS/ph5/4Wh5qWnyOST6q1nqa2R+QzY2e/k/AeQ1RgEhaFABZbj41dfgfajk15TD44wKVkXzzrarFKDWA==",
      "requires": {
        "@ethersproject/abstract-signer": ">=5.0.0-beta.132",
        "@ethersproject/address": ">=5.0.0-beta.128",
        "@ethersproject/bytes": ">=5.0.0-beta.129",
        "@ethersproject/hdnode": ">=5.0.0-beta.130",
        "@ethersproject/keccak256": ">=5.0.0-beta.127",
        "@ethersproject/logger": ">=5.0.0-beta.129",
        "@ethersproject/pbkdf2": ">=5.0.0-beta.127",
        "@ethersproject/properties": ">=5.0.0-beta.131",
        "@ethersproject/random": ">=5.0.0-beta.128",
        "@ethersproject/strings": ">=5.0.0-beta.130",
        "@ethersproject/transactions": ">=5.0.0-beta.128",
        "aes-js": "3.0.0",
        "scrypt-js": "3.0.0",
        "uuid": "2.0.1"
      }
    },
    "@ethersproject/keccak256": {
      "version": "5.0.0-beta.131",
      "resolved": "https://registry.npmjs.org/@ethersproject/keccak256/-/keccak256-5.0.0-beta.131.tgz",
      "integrity": "sha512-KQnqMwGV0IMOjAr/UTFO8DuLrmN1uaMvcV3zh9hiXhh3rCuY+WXdeUh49w1VQ94kBKmaP0qfGb7z4SdhUWUHjw==",
      "requires": {
        "@ethersproject/bytes": ">=5.0.0-beta.129",
        "js-sha3": "0.5.7"
      }
    },
    "@ethersproject/logger": {
      "version": "5.0.0-beta.136",
      "resolved": "https://registry.npmjs.org/@ethersproject/logger/-/logger-5.0.0-beta.136.tgz",
      "integrity": "sha512-baWK/4ccsVcyUU20nhp7k+hoRYsiaOfURYlyvQCoUUFKD3mpSRQCH42wxCosZZSCWz4rTHgASLQDdKkBtNVz1w=="
    },
    "@ethersproject/networks": {
      "version": "5.0.0-beta.136",
      "resolved": "https://registry.npmjs.org/@ethersproject/networks/-/networks-5.0.0-beta.136.tgz",
      "integrity": "sha512-skMDix0LVOhpfCItbg6Z1fXLK6vAtUkzAKaslDxVczEPUvjQ0kiJ5ceurmL+ROOO1owURGxUac5BrIarbO7Zgw==",
      "requires": {
        "@ethersproject/logger": ">=5.0.0-beta.129"
      }
    },
    "@ethersproject/pbkdf2": {
      "version": "5.0.0-beta.134",
      "resolved": "https://registry.npmjs.org/@ethersproject/pbkdf2/-/pbkdf2-5.0.0-beta.134.tgz",
      "integrity": "sha512-ic9QwtaEzQANF4xggwh4LT3YtNEClxJZFpUPrbS+BTZ63R1hPhw+xVCtfHuKSOy2xZ4z8Sm6v8RHG6QoZrsthA==",
      "requires": {
        "@ethersproject/bytes": ">=5.0.0-beta.129",
        "@ethersproject/sha2": ">=5.0.0-beta.129"
      }
    },
    "@ethersproject/properties": {
      "version": "5.0.0-beta.138",
      "resolved": "https://registry.npmjs.org/@ethersproject/properties/-/properties-5.0.0-beta.138.tgz",
      "integrity": "sha512-vLVftNTxonJ0SkkcMcpXHN9pABD84clh+Cz3TV79qvh+lc0MFX3dnYL1JinBdFnqLPXU9vw2LbTrBhwQY8bzCQ==",
      "requires": {
        "@ethersproject/logger": ">=5.0.0-beta.129"
      }
    },
    "@ethersproject/providers": {
      "version": "5.0.0-beta.160",
      "resolved": "https://registry.npmjs.org/@ethersproject/providers/-/providers-5.0.0-beta.160.tgz",
      "integrity": "sha512-ci3fd65qhtpiD+iTRYNkymOYEdvAJ6ijPlZHscDQA8xtFe8FosbFrqRj0dgD5WbzswDaQRPNh6epny3Q+ULh7w==",
      "requires": {
        "@ethersproject/abstract-provider": ">=5.0.0-beta.131",
        "@ethersproject/abstract-signer": ">=5.0.0-beta.132",
        "@ethersproject/address": ">=5.0.0-beta.128",
        "@ethersproject/bignumber": ">=5.0.0-beta.130",
        "@ethersproject/bytes": ">=5.0.0-beta.129",
        "@ethersproject/constants": ">=5.0.0-beta.128",
        "@ethersproject/hash": ">=5.0.0-beta.128",
        "@ethersproject/logger": ">=5.0.0-beta.129",
        "@ethersproject/networks": ">=5.0.0-beta.129",
        "@ethersproject/properties": ">=5.0.0-beta.131",
        "@ethersproject/random": ">=5.0.0-beta.128",
        "@ethersproject/rlp": ">=5.0.0-beta.126",
        "@ethersproject/strings": ">=5.0.0-beta.130",
        "@ethersproject/transactions": ">=5.0.0-beta.128",
        "@ethersproject/web": ">=5.0.0-beta.129",
        "ws": "7.2.3"
      }
    },
    "@ethersproject/random": {
      "version": "5.0.0-beta.134",
      "resolved": "https://registry.npmjs.org/@ethersproject/random/-/random-5.0.0-beta.134.tgz",
      "integrity": "sha512-diq2+ycpNFQKgbR7ZNwXV5wIGiVZ7dQkMuKVLp6Essh4xLDsyLiplHLgMTICDNicaWbq8c87kFEFy/7360HlOw==",
      "requires": {
        "@ethersproject/bytes": ">=5.0.0-beta.129",
        "@ethersproject/logger": ">=5.0.0-beta.129"
      }
    },
    "@ethersproject/rlp": {
      "version": "5.0.0-beta.132",
      "resolved": "https://registry.npmjs.org/@ethersproject/rlp/-/rlp-5.0.0-beta.132.tgz",
      "integrity": "sha512-P2oZkSMMazvMB0OaOM9GJnmLzHHSeCKqOp9bPAAY/rb65ICdtNjQMRYhOwinBFabrdV2z5TKWpwA9KIBkI0rTg==",
      "requires": {
        "@ethersproject/bytes": ">=5.0.0-beta.129",
        "@ethersproject/logger": ">=5.0.0-beta.129"
      }
    },
    "@ethersproject/sha2": {
      "version": "5.0.0-beta.135",
      "resolved": "https://registry.npmjs.org/@ethersproject/sha2/-/sha2-5.0.0-beta.135.tgz",
      "integrity": "sha512-DK/cUT5ilCVLtf1xk7XDPB9xGHsXiU3TsULKsEg823cTBIhFl2l0IiHAGqu9uiMlSJRpb2BwrWQuMgmFe/vMwQ==",
      "requires": {
        "@ethersproject/bytes": ">=5.0.0-beta.129",
        "@ethersproject/logger": ">=5.0.0-beta.129",
        "hash.js": "1.1.3"
      },
      "dependencies": {
        "hash.js": {
          "version": "1.1.3",
          "resolved": "https://registry.npmjs.org/hash.js/-/hash.js-1.1.3.tgz",
          "integrity": "sha512-/UETyP0W22QILqS+6HowevwhEFJ3MBJnwTf75Qob9Wz9t0DPuisL8kW8YZMK62dHAKE1c1p+gY1TtOLY+USEHA==",
          "requires": {
            "inherits": "^2.0.3",
            "minimalistic-assert": "^1.0.0"
          }
        }
      }
    },
    "@ethersproject/signing-key": {
      "version": "5.0.0-beta.135",
      "resolved": "https://registry.npmjs.org/@ethersproject/signing-key/-/signing-key-5.0.0-beta.135.tgz",
      "integrity": "sha512-D4w5svi8F8eYs+LTuroKzOR8le6ZKtmH/mDmtuz15vz3XdOkLPGVne5mqqqLJd8APBnOEDtsAqmg7ZCrAk8Mag==",
      "requires": {
        "@ethersproject/bytes": ">=5.0.0-beta.129",
        "@ethersproject/logger": ">=5.0.0-beta.129",
        "@ethersproject/properties": ">=5.0.0-beta.131",
        "elliptic": "6.5.2"
      }
    },
    "@ethersproject/solidity": {
      "version": "5.0.0-beta.131",
      "resolved": "https://registry.npmjs.org/@ethersproject/solidity/-/solidity-5.0.0-beta.131.tgz",
      "integrity": "sha512-i5vuj2CXGMkVPo08bmElC2cvhjRDNRZZ8nzvx2WCi75Zh42xD0XNV77E9ZLYgS0WoZSiAi/F71nXSBnM7FAqJg==",
      "requires": {
        "@ethersproject/bignumber": ">=5.0.0-beta.130",
        "@ethersproject/bytes": ">=5.0.0-beta.129",
        "@ethersproject/keccak256": ">=5.0.0-beta.127",
        "@ethersproject/sha2": ">=5.0.0-beta.129",
        "@ethersproject/strings": ">=5.0.0-beta.130"
      }
    },
    "@ethersproject/strings": {
      "version": "5.0.0-beta.136",
      "resolved": "https://registry.npmjs.org/@ethersproject/strings/-/strings-5.0.0-beta.136.tgz",
      "integrity": "sha512-Hb9RvTrgGcOavHvtQZz+AuijB79BO3g1cfF2MeMfCU9ID4j3mbZv/olzDMS2pK9r4aERJpAS94AmlWzCgoY2LQ==",
      "requires": {
        "@ethersproject/bytes": ">=5.0.0-beta.129",
        "@ethersproject/constants": ">=5.0.0-beta.128",
        "@ethersproject/logger": ">=5.0.0-beta.129"
      }
    },
    "@ethersproject/transactions": {
      "version": "5.0.0-beta.134",
      "resolved": "https://registry.npmjs.org/@ethersproject/transactions/-/transactions-5.0.0-beta.134.tgz",
      "integrity": "sha512-06VxNv6UHds153Ey3WJ2YDPReNkwmIm8fyuJOXRZ6IoYh5ns5CfR4fkmHSBtw7+/KIVjmRoMQZ4Yg/tcGmzz0A==",
      "requires": {
        "@ethersproject/address": ">=5.0.0-beta.128",
        "@ethersproject/bignumber": ">=5.0.0-beta.130",
        "@ethersproject/bytes": ">=5.0.0-beta.129",
        "@ethersproject/constants": ">=5.0.0-beta.128",
        "@ethersproject/keccak256": ">=5.0.0-beta.127",
        "@ethersproject/logger": ">=5.0.0-beta.129",
        "@ethersproject/properties": ">=5.0.0-beta.131",
        "@ethersproject/rlp": ">=5.0.0-beta.126",
        "@ethersproject/signing-key": ">=5.0.0-beta.129"
      }
    },
    "@ethersproject/units": {
      "version": "5.0.0-beta.132",
      "resolved": "https://registry.npmjs.org/@ethersproject/units/-/units-5.0.0-beta.132.tgz",
      "integrity": "sha512-3GZDup1uTydvqaP5wpwoRF36irp6kx/gd3buPG+aoGWLPCoPjyk76OiGoxNQKfEaynOdZ7zG2lM8WevlBDJ57g==",
      "requires": {
        "@ethersproject/bignumber": ">=5.0.0-beta.130",
        "@ethersproject/constants": ">=5.0.0-beta.128",
        "@ethersproject/logger": ">=5.0.0-beta.129"
      }
    },
    "@ethersproject/wallet": {
      "version": "5.0.0-beta.139",
      "resolved": "https://registry.npmjs.org/@ethersproject/wallet/-/wallet-5.0.0-beta.139.tgz",
      "integrity": "sha512-zpcB/ooB9Ts+Qq7PWvFd71qaogBYuOzgQ3oB9WRmxag/MDyu7l6OccG/WG7PoGWIOCyUKF7B/Z5kIIL6uEaRaA==",
      "requires": {
        "@ethersproject/abstract-provider": ">=5.0.0-beta.131",
        "@ethersproject/abstract-signer": ">=5.0.0-beta.132",
        "@ethersproject/address": ">=5.0.0-beta.128",
        "@ethersproject/bignumber": ">=5.0.0-beta.130",
        "@ethersproject/bytes": ">=5.0.0-beta.129",
        "@ethersproject/hash": ">=5.0.0-beta.128",
        "@ethersproject/hdnode": ">=5.0.0-beta.130",
        "@ethersproject/json-wallets": ">=5.0.0-beta.129",
        "@ethersproject/keccak256": ">=5.0.0-beta.127",
        "@ethersproject/logger": ">=5.0.0-beta.129",
        "@ethersproject/properties": ">=5.0.0-beta.131",
        "@ethersproject/random": ">=5.0.0-beta.128",
        "@ethersproject/signing-key": ">=5.0.0-beta.129",
        "@ethersproject/transactions": ">=5.0.0-beta.128",
        "@ethersproject/wordlists": ">=5.0.0-beta.128"
      }
    },
    "@ethersproject/web": {
      "version": "5.0.0-beta.136",
      "resolved": "https://registry.npmjs.org/@ethersproject/web/-/web-5.0.0-beta.136.tgz",
      "integrity": "sha512-slJ+6diNl1ZuHhAO0OPX11BAhfyZtD5oxbpEp3+A/agR+iHKMmC5AZTJU0vhl2622Jpx21Aa35s2IHU2lPui5A==",
      "requires": {
        "@ethersproject/base64": ">=5.0.0-beta.126",
        "@ethersproject/logger": ">=5.0.0-beta.129",
        "@ethersproject/properties": ">=5.0.0-beta.131",
        "@ethersproject/strings": ">=5.0.0-beta.130",
        "cross-fetch": "3.0.4"
      }
    },
    "@ethersproject/wordlists": {
      "version": "5.0.0-beta.135",
      "resolved": "https://registry.npmjs.org/@ethersproject/wordlists/-/wordlists-5.0.0-beta.135.tgz",
      "integrity": "sha512-hGwIme0in4cJrhdumTJVc1OLEa7S/oxALMOION4C+31yKFdWfX00dOXi6aqokWkGaUQXvmHz4r9/GhfqzoB2Qg==",
      "requires": {
        "@ethersproject/bytes": ">=5.0.0-beta.129",
        "@ethersproject/hash": ">=5.0.0-beta.128",
        "@ethersproject/logger": ">=5.0.0-beta.129",
        "@ethersproject/properties": ">=5.0.0-beta.131",
        "@ethersproject/strings": ">=5.0.0-beta.130"
      }
    },
    "aes-js": {
      "version": "3.0.0",
      "resolved": "https://registry.npmjs.org/aes-js/-/aes-js-3.0.0.tgz",
      "integrity": "sha1-4h3xCtbCBTKVvLuNq0Cwnb6ofk0="
    },
    "bn.js": {
      "version": "4.11.8",
      "resolved": "https://registry.npmjs.org/bn.js/-/bn.js-4.11.8.tgz",
      "integrity": "sha512-ItfYfPLkWHUjckQCk8xC+LwxgK8NYcXywGigJgSwOP8Y2iyWT4f2vsZnoOXTTbo+o5yXmIUJ4gn5538SO5S3gA=="
    },
    "brorand": {
      "version": "1.1.0",
      "resolved": "https://registry.npmjs.org/brorand/-/brorand-1.1.0.tgz",
      "integrity": "sha1-EsJe/kCkXjwyPrhnWgoM5XsiNx8="
    },
    "cross-fetch": {
      "version": "3.0.4",
      "resolved": "https://registry.npmjs.org/cross-fetch/-/cross-fetch-3.0.4.tgz",
      "integrity": "sha512-MSHgpjQqgbT/94D4CyADeNoYh52zMkCX4pcJvPP5WqPsLFMKjr2TCMg381ox5qI0ii2dPwaLx/00477knXqXVw==",
      "requires": {
        "node-fetch": "2.6.0",
        "whatwg-fetch": "3.0.0"
      }
    },
    "elliptic": {
      "version": "6.5.2",
      "resolved": "https://registry.npmjs.org/elliptic/-/elliptic-6.5.2.tgz",
      "integrity": "sha512-f4x70okzZbIQl/NSRLkI/+tteV/9WqL98zx+SQ69KbXxmVrmjwsNUPn/gYJJ0sHvEak24cZgHIPegRePAtA/xw==",
      "requires": {
        "bn.js": "^4.4.0",
        "brorand": "^1.0.1",
        "hash.js": "^1.0.0",
        "hmac-drbg": "^1.0.0",
        "inherits": "^2.0.1",
        "minimalistic-assert": "^1.0.0",
        "minimalistic-crypto-utils": "^1.0.0"
      }
    },
    "ethers": {
      "version": "5.0.0-beta.180",
      "resolved": "https://registry.npmjs.org/ethers/-/ethers-5.0.0-beta.180.tgz",
      "integrity": "sha512-8c95D7e7QwLKCueVCQR7nFm/jcpofiMqvA+IfSqGN6X/o5mLa7XT93c/uoT7xJunoJtF+MBQNcArdz5XfI++Lg==",
      "requires": {
        "@ethersproject/abi": ">=5.0.0-beta.137",
        "@ethersproject/abstract-provider": ">=5.0.0-beta.131",
        "@ethersproject/abstract-signer": ">=5.0.0-beta.132",
        "@ethersproject/address": ">=5.0.0-beta.128",
        "@ethersproject/base64": ">=5.0.0-beta.126",
        "@ethersproject/bignumber": ">=5.0.0-beta.130",
        "@ethersproject/bytes": ">=5.0.0-beta.129",
        "@ethersproject/constants": ">=5.0.0-beta.128",
        "@ethersproject/contracts": ">=5.0.0-beta.137",
        "@ethersproject/hash": ">=5.0.0-beta.128",
        "@ethersproject/hdnode": ">=5.0.0-beta.130",
        "@ethersproject/json-wallets": ">=5.0.0-beta.129",
        "@ethersproject/keccak256": ">=5.0.0-beta.127",
        "@ethersproject/logger": ">=5.0.0-beta.129",
        "@ethersproject/networks": ">=5.0.0-beta.129",
        "@ethersproject/pbkdf2": ">=5.0.0-beta.127",
        "@ethersproject/properties": ">=5.0.0-beta.131",
        "@ethersproject/providers": ">=5.0.0-beta.141",
        "@ethersproject/random": ">=5.0.0-beta.128",
        "@ethersproject/rlp": ">=5.0.0-beta.126",
        "@ethersproject/sha2": ">=5.0.0-beta.129",
        "@ethersproject/signing-key": ">=5.0.0-beta.129",
        "@ethersproject/solidity": ">=5.0.0-beta.126",
        "@ethersproject/strings": ">=5.0.0-beta.130",
        "@ethersproject/transactions": ">=5.0.0-beta.128",
        "@ethersproject/units": ">=5.0.0-beta.127",
        "@ethersproject/wallet": ">=5.0.0-beta.130",
        "@ethersproject/web": ">=5.0.0-beta.129",
        "@ethersproject/wordlists": ">=5.0.0-beta.128"
      }
    },
    "hash.js": {
      "version": "1.1.7",
      "resolved": "https://registry.npmjs.org/hash.js/-/hash.js-1.1.7.tgz",
      "integrity": "sha512-taOaskGt4z4SOANNseOviYDvjEJinIkRgmp7LbKP2YTTmVxWBl87s/uzK9r+44BclBSp2X7K1hqeNfz9JbBeXA==",
      "requires": {
        "inherits": "^2.0.3",
        "minimalistic-assert": "^1.0.1"
      }
    },
    "hmac-drbg": {
      "version": "1.0.1",
      "resolved": "https://registry.npmjs.org/hmac-drbg/-/hmac-drbg-1.0.1.tgz",
      "integrity": "sha1-0nRXAQJabHdabFRXk+1QL8DGSaE=",
      "requires": {
        "hash.js": "^1.0.3",
        "minimalistic-assert": "^1.0.0",
        "minimalistic-crypto-utils": "^1.0.1"
      }
    },
    "inherits": {
      "version": "2.0.4",
      "resolved": "https://registry.npmjs.org/inherits/-/inherits-2.0.4.tgz",
      "integrity": "sha512-k/vGaX4/Yla3WzyMCvTQOXYeIHvqOKtnqBduzTHpzpQZzAskKMhZ2K+EnBiSM9zGSoIFeMpXKxa4dYeZIQqewQ=="
    },
    "js-sha3": {
      "version": "0.5.7",
      "resolved": "https://registry.npmjs.org/js-sha3/-/js-sha3-0.5.7.tgz",
      "integrity": "sha1-DU/9gALVMzqrr0oj7tL2N0yfKOc="
    },
    "minimalistic-assert": {
      "version": "1.0.1",
      "resolved": "https://registry.npmjs.org/minimalistic-assert/-/minimalistic-assert-1.0.1.tgz",
      "integrity": "sha512-UtJcAD4yEaGtjPezWuO9wC4nwUnVH/8/Im3yEHQP4b67cXlD/Qr9hdITCU1xDbSEXg2XKNaP8jsReV7vQd00/A=="
    },
    "minimalistic-crypto-utils": {
      "version": "1.0.1",
      "resolved": "https://registry.npmjs.org/minimalistic-crypto-utils/-/minimalistic-crypto-utils-1.0.1.tgz",
      "integrity": "sha1-9sAMHAsIIkblxNmd+4x8CDsrWCo="
    },
    "node-fetch": {
      "version": "2.6.0",
      "resolved": "https://registry.npmjs.org/node-fetch/-/node-fetch-2.6.0.tgz",
      "integrity": "sha512-8dG4H5ujfvFiqDmVu9fQ5bOHUC15JMjMY/Zumv26oOvvVJjM67KF8koCWIabKQ1GJIa9r2mMZscBq/TbdOcmNA=="
    },
    "scrypt-js": {
      "version": "3.0.0",
      "resolved": "https://registry.npmjs.org/scrypt-js/-/scrypt-js-3.0.0.tgz",
      "integrity": "sha512-7CC7aufwukEvqdmllR0ny0QaSg0+S22xKXrXz3ZahaV6J+fgD2YAtrjtImuoDWog17/Ty9Q4HBmnXEXJ3JkfQA=="
    },
    "uuid": {
      "version": "2.0.1",
      "resolved": "https://registry.npmjs.org/uuid/-/uuid-2.0.1.tgz",
      "integrity": "sha1-wqMN7bPlNdcsz4LjQ5QaULqFM6w="
    },
    "whatwg-fetch": {
      "version": "3.0.0",
      "resolved": "https://registry.npmjs.org/whatwg-fetch/-/whatwg-fetch-3.0.0.tgz",
      "integrity": "sha512-9GSJUgz1D4MfyKU7KRqwOjXCXTqWdFNvEr7eUBYchQiVc744mqK/MzXPNR2WsPkmkOa4ywfg8C2n8h+13Bey1Q=="
    },
    "ws": {
      "version": "7.2.3",
      "resolved": "https://registry.npmjs.org/ws/-/ws-7.2.3.tgz",
      "integrity": "sha512-HTDl9G9hbkNDk98naoR/cHDws7+EyYMOdL1BmjsZXRUjf7d+MficC4B7HLUPlSiho0vg+CWKrGIt/VJBd1xunQ=="
    }
  }
}
